<?xml version="1.0" encoding="UTF-8"?>
<CONFIG>
  <ProjectOptions>
    <Version Value="11"/>
    <PathDelim Value="\"/>
    <General>
      <MainUnit Value="0"/>
      <UseXPManifest Value="True"/>
    </General>
    <BuildModes Count="1">
      <Item1 Name="default" Default="True"/>
    </BuildModes>
    <PublishOptions>
      <Version Value="2"/>
    </PublishOptions>
    <RunParams>
      <FormatVersion Value="2"/>
      <Modes Count="1">
        <Mode0 Name="default">
          <local>
            <LaunchingApplication PathPlusParams="\usr\X11R6\bin\xterm -T 'Lazarus Run Output' -e $(LazarusDir)\tools\runwait.sh $(TargetCmdLine)"/>
          </local>
        </Mode0>
      </Modes>
    </RunParams>
    <RequiredPackages Count="4">
      <Item1>
        <PackageName Value="synuni"/>
      </Item1>
      <Item2>
        <PackageName Value="ExtraHighlighters"/>
      </Item2>
      <Item3>
        <PackageName Value="SynEdit"/>
      </Item3>
      <Item4>
        <PackageName Value="LCL"/>
      </Item4>
    </RequiredPackages>
    <Units Count="116">
      <Unit0>
        <Filename Value="TestSynHighlighter.lpr"/>
        <IsPartOfProject Value="True"/>
        <CursorPos Y="18"/>
        <UsageCount Value="81"/>
        <Loaded Value="True"/>
      </Unit0>
      <Unit1>
        <Filename Value="unit1.pas"/>
        <IsPartOfProject Value="True"/>
        <ComponentName Value="Form1"/>
        <HasResources Value="True"/>
        <ResourceBaseClass Value="Form"/>
        <UnitName Value="Unit1"/>
        <EditorIndex Value="2"/>
        <TopLine Value="162"/>
        <CursorPos X="115" Y="19"/>
        <UsageCount Value="81"/>
        <Bookmarks Count="1">
          <Item0 Y="140" ID="2"/>
        </Bookmarks>
        <Loaded Value="True"/>
        <LoadedDesigner Value="True"/>
      </Unit1>
      <Unit2>
        <Filename Value="SynHighlighterRuby.pas"/>
        <TopLine Value="37"/>
        <CursorPos X="13" Y="50"/>
        <UsageCount Value="6"/>
      </Unit2>
      <Unit3>
        <Filename Value="C:\lazarus\components\synedit\synedithighlighter.pp"/>
        <UnitName Value="SynEditHighlighter"/>
        <TopLine Value="293"/>
        <CursorPos X="15" Y="304"/>
        <UsageCount Value="6"/>
      </Unit3>
      <Unit4>
        <Filename Value="SynEditStrConst.pas"/>
        <TopLine Value="33"/>
        <CursorPos X="3" Y="40"/>
        <UsageCount Value="4"/>
      </Unit4>
      <Unit5>
        <Filename Value="C:\lazarus\components\synedit\synedit.pp"/>
        <UnitName Value="SynEdit"/>
        <TopLine Value="3840"/>
        <CursorPos X="24" Y="3853"/>
        <UsageCount Value="5"/>
      </Unit5>
      <Unit6>
        <Filename Value="C:\lazarus\components\synedit\syneditstrconst.pp"/>
        <UnitName Value="SynEditStrConst"/>
        <TopLine Value="423"/>
        <CursorPos X="13" Y="439"/>
        <UsageCount Value="6"/>
      </Unit6>
      <Unit7>
        <Filename Value="SynHighlighterPas.pas"/>
        <TopLine Value="41"/>
        <CursorPos X="2" Y="54"/>
        <UsageCount Value="4"/>
      </Unit7>
      <Unit8>
        <Filename Value="SynHighlighterCache.pas"/>
        <UsageCount Value="5"/>
      </Unit8>
      <Unit9>
        <Filename Value="C:\lazarus\components\synedit\SynHighlighterRuby.pas"/>
        <TopLine Value="325"/>
        <CursorPos Y="335"/>
        <UsageCount Value="6"/>
      </Unit9>
      <Unit10>
        <Filename Value="C:\lazarus\components\synedit\SynHighlighterGeneral.pas"/>
        <TopLine Value="707"/>
        <CursorPos X="21" Y="711"/>
        <UsageCount Value="22"/>
      </Unit10>
      <Unit11>
        <Filename Value="C:\lazarus\components\synedit\SynHighlighterRC.pas"/>
        <TopLine Value="38"/>
        <CursorPos X="3" Y="48"/>
        <UsageCount Value="6"/>
      </Unit11>
      <Unit12>
        <Filename Value="C:\lazarus\components\synedit\SynHighlighterSDD.pas"/>
        <TopLine Value="38"/>
        <CursorPos X="18" Y="47"/>
        <UsageCount Value="6"/>
      </Unit12>
      <Unit13>
        <Filename Value="C:\lazarus\components\synedit\SynHighlighterSml.pas"/>
        <TopLine Value="585"/>
        <CursorPos Y="592"/>
        <UsageCount Value="6"/>
      </Unit13>
      <Unit14>
        <Filename Value="C:\lazarus\components\synedit\SynHighlighterST.pas"/>
        <TopLine Value="43"/>
        <CursorPos Y="53"/>
        <UsageCount Value="6"/>
      </Unit14>
      <Unit15>
        <Filename Value="C:\lazarus\components\synedit\SynHighlighterTclTk.pas"/>
        <TopLine Value="330"/>
        <CursorPos Y="339"/>
        <UsageCount Value="6"/>
      </Unit15>
      <Unit16>
        <Filename Value="C:\lazarus\components\synedit\SynHighlighterUnreal.pas"/>
        <TopLine Value="22"/>
        <CursorPos X="12" Y="31"/>
        <UsageCount Value="6"/>
      </Unit16>
      <Unit17>
        <Filename Value="C:\lazarus\components\synedit\SynHighlighterURI.pas"/>
        <TopLine Value="338"/>
        <CursorPos Y="347"/>
        <UsageCount Value="6"/>
      </Unit17>
      <Unit18>
        <Filename Value="C:\lazarus\components\synedit\SynHighlighterVBScript.pas"/>
        <TopLine Value="806"/>
        <CursorPos X="14" Y="818"/>
        <UsageCount Value="6"/>
      </Unit18>
      <Unit19>
        <Filename Value="C:\lazarus\components\synedit\SynHighlighterVrml97.pas"/>
        <TopLine Value="4460"/>
        <CursorPos X="12" Y="4471"/>
        <UsageCount Value="7"/>
      </Unit19>
      <Unit20>
        <Filename Value="C:\lazarus\fpc\2.4.3\source\rtl\objpas\classes\classesh.inc"/>
        <TopLine Value="369"/>
        <CursorPos X="3" Y="380"/>
        <UsageCount Value="5"/>
      </Unit20>
      <Unit21>
        <Filename Value="C:\lazarus\components\synedit\SynHighlighterCache.pas"/>
        <TopLine Value="45"/>
        <CursorPos X="12" Y="47"/>
        <UsageCount Value="6"/>
      </Unit21>
      <Unit22>
        <Filename Value="SynUniHighlighter.pas"/>
        <TopLine Value="38"/>
        <CursorPos X="13" Y="48"/>
        <UsageCount Value="5"/>
      </Unit22>
      <Unit23>
        <Filename Value="C:\lazarus\components\synedit\synedittextbuffer.pp"/>
        <UnitName Value="SynEditTextBuffer"/>
        <TopLine Value="433"/>
        <CursorPos X="15" Y="443"/>
        <UsageCount Value="5"/>
      </Unit23>
      <Unit24>
        <Filename Value="C:\lazarus\components\synedit\units\i386-win32\synhighlightercache.pas"/>
        <TopLine Value="34"/>
        <CursorPos X="3" Y="50"/>
        <UsageCount Value="5"/>
      </Unit24>
      <Unit25>
        <Filename Value="..\SyneditHighlighters\synhighlightercache.pas"/>
        <UnitName Value="SynHighlighterCache"/>
        <TopLine Value="54"/>
        <CursorPos X="15" Y="80"/>
        <FoldState Value=" TL00Z,"/>
        <UsageCount Value="7"/>
      </Unit25>
      <Unit26>
        <Filename Value="..\SyneditHighlighters\synhighlighterrc.pas"/>
        <UnitName Value="SynHighlighterRC"/>
        <TopLine Value="38"/>
        <CursorPos X="11" Y="70"/>
        <FoldState Value=" TL00V4"/>
        <UsageCount Value="8"/>
      </Unit26>
      <Unit27>
        <Filename Value="D:\1.2.0\components\synedit\synedithighlighter.pp"/>
        <UnitName Value="SynEditHighlighter"/>
        <TopLine Value="300"/>
        <CursorPos X="5" Y="320"/>
        <UsageCount Value="9"/>
      </Unit27>
      <Unit28>
        <Filename Value="..\SyneditHighlighters\synhighlightervrml97.pas"/>
        <UnitName Value="SynHighlighterVrml97"/>
        <EditorIndex Value="7"/>
        <TopLine Value="4452"/>
        <CursorPos X="25" Y="4472"/>
        <UsageCount Value="20"/>
        <Loaded Value="True"/>
      </Unit28>
      <Unit29>
        <Filename Value="..\SyneditHighlighters\synhighlightervbscript.pas"/>
        <UnitName Value="SynHighlighterVBScript"/>
        <TopLine Value="51"/>
        <CursorPos X="18" Y="81"/>
        <UsageCount Value="7"/>
      </Unit29>
      <Unit30>
        <Filename Value="..\SyneditHighlighters\synhighlighteruri.pas"/>
        <UnitName Value="SynHighlighterURI"/>
        <EditorIndex Value="-1"/>
        <TopLine Value="136"/>
        <CursorPos Y="153"/>
        <UsageCount Value="9"/>
      </Unit30>
      <Unit31>
        <Filename Value="..\SyneditHighlighters\synhighlighterunreal.pas"/>
        <UnitName Value="SynHighlighterUnreal"/>
        <TopLine Value="83"/>
        <CursorPos X="16" Y="106"/>
        <UsageCount Value="8"/>
      </Unit31>
      <Unit32>
        <Filename Value="..\SyneditHighlighters\synhighlightertcltk.pas"/>
        <UnitName Value="SynHighlighterTclTk"/>
        <EditorIndex Value="-1"/>
        <TopLine Value="653"/>
        <CursorPos X="33" Y="680"/>
        <UsageCount Value="19"/>
      </Unit32>
      <Unit33>
        <Filename Value="..\SyneditHighlighters\synhighlighterst.pas"/>
        <UnitName Value="SynHighlighterST"/>
        <EditorIndex Value="11"/>
        <TopLine Value="166"/>
        <CursorPos X="12" Y="34"/>
        <UsageCount Value="21"/>
        <Loaded Value="True"/>
      </Unit33>
      <Unit34>
        <Filename Value="..\SyneditHighlighters\synhighlightersml.pas"/>
        <UnitName Value="SynHighlighterSml"/>
        <TopLine Value="51"/>
        <CursorPos X="13" Y="79"/>
        <FoldState Value=" TL00Z,"/>
        <UsageCount Value="7"/>
      </Unit34>
      <Unit35>
        <Filename Value="..\SyneditHighlighters\synhighlightersdd.pas"/>
        <UnitName Value="SynHighlighterSDD"/>
        <TopLine Value="48"/>
        <CursorPos X="13" Y="78"/>
        <FoldState Value=" TL00W_"/>
        <UsageCount Value="7"/>
      </Unit35>
      <Unit36>
        <Filename Value="..\SyneditHighlighters\synhighlightergeneral.pas"/>
        <UnitName Value="SynHighlighterGeneral"/>
        <EditorIndex Value="14"/>
        <TopLine Value="193"/>
        <CursorPos X="41" Y="119"/>
        <UsageCount Value="20"/>
        <Loaded Value="True"/>
      </Unit36>
      <Unit37>
        <Filename Value="..\SyneditHighlighters\synhighlighterruby.pas"/>
        <UnitName Value="SynHighlighterRuby"/>
        <TopLine Value="75"/>
        <CursorPos X="14" Y="86"/>
        <UsageCount Value="7"/>
      </Unit37>
      <Unit38>
        <Filename Value="..\SyneditHighlighters\syneditstrconst.pp"/>
        <UnitName Value="SynEditStrConst"/>
        <TopLine Value="20"/>
        <CursorPos X="2" Y="39"/>
        <UsageCount Value="6"/>
      </Unit38>
      <Unit39>
        <Filename Value="..\SyneditHighlighters\syneditstrconstextra.pas"/>
        <UnitName Value="SynEditStrConstExtra"/>
        <EditorIndex Value="3"/>
        <TopLine Value="176"/>
        <CursorPos X="14" Y="191"/>
        <UsageCount Value="23"/>
        <Loaded Value="True"/>
      </Unit39>
      <Unit40>
        <Filename Value="..\SyneditHighlighters\synhighlighteradsp21xx.pas"/>
        <UnitName Value="SynHighlighterADSP21xx"/>
        <TopLine Value="52"/>
        <CursorPos X="3" Y="71"/>
        <FoldState Value=" TL00Z,"/>
        <UsageCount Value="8"/>
      </Unit40>
      <Unit41>
        <Filename Value="..\SyneditHighlighters\Uses.txt"/>
        <UsageCount Value="5"/>
        <DefaultSyntaxHighlighter Value="None"/>
      </Unit41>
      <Unit42>
        <Filename Value="D:\1.2.0\components\synedit\synedittextbase.pas"/>
        <UnitName Value="SynEditTextBase"/>
        <TopLine Value="15"/>
        <CursorPos X="16" Y="39"/>
        <UsageCount Value="5"/>
      </Unit42>
      <Unit43>
        <Filename Value="D:\1.2.0\components\synedit\synedit.inc"/>
        <CursorPos X="42" Y="8"/>
        <UsageCount Value="5"/>
      </Unit43>
      <Unit44>
        <Filename Value="D:\1.2.0\components\synedit\syneditkeycmds.pp"/>
        <UnitName Value="SynEditKeyCmds"/>
        <CursorPos X="40" Y="15"/>
        <UsageCount Value="5"/>
      </Unit44>
      <Unit45>
        <Filename Value="..\SyneditHighlighters\SynDefines.inc"/>
        <UsageCount Value="8"/>
      </Unit45>
      <Unit46>
        <Filename Value="..\SyneditHighlighters\synhighlighterfortran.pas"/>
        <UnitName Value="SynHighlighterFortran"/>
        <EditorIndex Value="-1"/>
        <TopLine Value="723"/>
        <CursorPos X="75" Y="732"/>
        <FoldState Value=" TL00Z,"/>
        <UsageCount Value="8"/>
      </Unit46>
      <Unit47>
        <Filename Value="..\SyneditHighlighters\synhighlighterfoxpro.pas"/>
        <UnitName Value="SynHighlighterFoxpro"/>
        <CursorPos X="16" Y="69"/>
        <FoldState Value=" TL00Z,"/>
        <UsageCount Value="7"/>
      </Unit47>
      <Unit48>
        <Filename Value="..\SyneditHighlighters\synhighlightergalaxy.pas"/>
        <UnitName Value="SynHighlighterGalaxy"/>
        <CursorPos X="16" Y="69"/>
        <FoldState Value=" TL00Z,"/>
        <UsageCount Value="7"/>
      </Unit48>
      <Unit49>
        <Filename Value="..\SyneditHighlighters\synhighlighterbaan.pas"/>
        <UnitName Value="SynHighlighterBaan"/>
        <CursorPos X="14" Y="69"/>
        <FoldState Value=" TL00Z,"/>
        <UsageCount Value="7"/>
      </Unit49>
      <Unit50>
        <Filename Value="..\SyneditHighlighters\synhighlighterjscript.pas"/>
        <UnitName Value="SynHighlighterJScript"/>
        <CursorPos Y="53"/>
        <FoldState Value=" TL00Z1K"/>
        <UsageCount Value="7"/>
      </Unit50>
      <Unit51>
        <Filename Value="..\SyneditHighlighters\synhighlighterhaskell.pas"/>
        <UnitName Value="SynHighlighterHaskell"/>
        <TopLine Value="65"/>
        <CursorPos X="17" Y="88"/>
        <FoldState Value=" TL00Z1K"/>
        <UsageCount Value="7"/>
      </Unit51>
      <Unit52>
        <Filename Value="..\SyneditHighlighters\synhighlighterdfm.pas"/>
        <UnitName Value="SynHighlighterDfm"/>
        <CursorPos Y="51"/>
        <FoldState Value=" TL00Z1K"/>
        <UsageCount Value="7"/>
      </Unit52>
      <Unit53>
        <Filename Value="..\SyneditHighlighters\synhighlightermodelica.pas"/>
        <UnitName Value="SynHighlighterModelica"/>
        <UsageCount Value="7"/>
      </Unit53>
      <Unit54>
        <Filename Value="..\SyneditHighlighters\synhighlightercobol.pas"/>
        <UnitName Value="SynHighlighterCobol"/>
        <EditorIndex Value="-1"/>
        <TopLine Value="2264"/>
        <CursorPos Y="2282"/>
        <UsageCount Value="10"/>
      </Unit54>
      <Unit55>
        <Filename Value="..\SyneditHighlighters\SynHighlighterCPM.pas"/>
        <EditorIndex Value="-1"/>
        <TopLine Value="1087"/>
        <CursorPos X="10" Y="1096"/>
        <UsageCount Value="8"/>
      </Unit55>
      <Unit56>
        <Filename Value="..\SyneditHighlighters\synhighlightercs.pas"/>
        <UnitName Value="SynHighlighterCS"/>
        <EditorIndex Value="13"/>
        <TopLine Value="657"/>
        <CursorPos X="46" Y="685"/>
        <UsageCount Value="21"/>
        <Loaded Value="True"/>
      </Unit56>
      <Unit57>
        <Filename Value="..\SyneditHighlighters\synhighlighterdml.pas"/>
        <UnitName Value="SynHighlighterDml"/>
        <EditorIndex Value="-1"/>
        <TopLine Value="248"/>
        <CursorPos X="51" Y="268"/>
        <UsageCount Value="9"/>
      </Unit57>
      <Unit58>
        <Filename Value="..\SyneditHighlighters\synhighlighterprogress.pas"/>
        <UnitName Value="SynHighlighterProgress"/>
        <TopLine Value="59"/>
        <CursorPos X="18" Y="87"/>
        <UsageCount Value="7"/>
      </Unit58>
      <Unit59>
        <Filename Value="..\SyneditHighlighters\synhighlightereiffel.pas"/>
        <UnitName Value="SynHighlighterEiffel"/>
        <EditorIndex Value="-1"/>
        <TopLine Value="169"/>
        <CursorPos X="14" Y="185"/>
        <UsageCount Value="9"/>
      </Unit59>
      <Unit60>
        <Filename Value="..\SyneditHighlighters\synhighlightergws.pas"/>
        <UnitName Value="SynHighlighterGWS"/>
        <TopLine Value="65"/>
        <CursorPos X="18" Y="84"/>
        <UsageCount Value="7"/>
      </Unit60>
      <Unit61>
        <Filename Value="..\SyneditHighlighters\synhighlighterhc11.pas"/>
        <UnitName Value="SynHighlighterHC11"/>
        <TopLine Value="45"/>
        <CursorPos X="14" Y="81"/>
        <FoldState Value=" TL00Z,"/>
        <UsageCount Value="7"/>
      </Unit61>
      <Unit62>
        <Filename Value="..\SyneditHighlighters\synhighlighterhp48.pas"/>
        <UnitName Value="SynHighlighterHP48"/>
        <TopLine Value="58"/>
        <CursorPos X="14" Y="125"/>
        <FoldState Value=" T7icLZl"/>
        <UsageCount Value="7"/>
      </Unit62>
      <Unit63>
        <Filename Value="..\SyneditHighlighters\synhighlighterldraw.pas"/>
        <UnitName Value="SynHighlighterLDraw"/>
        <TopLine Value="59"/>
        <CursorPos X="13" Y="85"/>
        <UsageCount Value="7"/>
      </Unit63>
      <Unit64>
        <Filename Value="..\SyneditHighlighters\synhighlighterinno.pas"/>
        <UnitName Value="SynHighlighterInno"/>
        <TopLine Value="49"/>
        <CursorPos X="14" Y="67"/>
        <UsageCount Value="7"/>
      </Unit64>
      <Unit65>
        <Filename Value="..\SyneditHighlighters\synhighlighterasm.pas"/>
        <UnitName Value="SynHighlighterAsm"/>
        <EditorIndex Value="-1"/>
        <TopLine Value="297"/>
        <CursorPos X="3" Y="300"/>
        <UsageCount Value="9"/>
      </Unit65>
      <Unit66>
        <Filename Value="..\SyneditHighlighters\synhighlighterdot.pas"/>
        <UnitName Value="SynHighlighterDOT"/>
        <TopLine Value="65"/>
        <CursorPos X="13" Y="86"/>
        <UsageCount Value="7"/>
      </Unit66>
      <Unit67>
        <Filename Value="..\SyneditHighlighters\synhighlighteridl.pas"/>
        <UnitName Value="SynHighlighterIDL"/>
        <TopLine Value="47"/>
        <CursorPos X="13" Y="78"/>
        <UsageCount Value="7"/>
      </Unit67>
      <Unit68>
        <Filename Value="..\SyneditHighlighters\synhighlighterkix.pas"/>
        <UnitName Value="SynHighlighterKix"/>
        <TopLine Value="51"/>
        <CursorPos X="13" Y="69"/>
        <FoldState Value=" TL00Z,"/>
        <UsageCount Value="7"/>
      </Unit68>
      <Unit69>
        <Filename Value="..\SyneditHighlighters\synhighlightermsg.pas"/>
        <UnitName Value="SynHighlighterMsg"/>
        <TopLine Value="550"/>
        <CursorPos X="3" Y="565"/>
        <FoldState Value=" TL00Y\"/>
        <UsageCount Value="7"/>
      </Unit69>
      <Unit70>
        <Filename Value="..\SyneditHighlighters\synhighlighterm3.pas"/>
        <UnitName Value="SynHighlighterM3"/>
        <TopLine Value="41"/>
        <CursorPos X="12" Y="70"/>
        <FoldState Value=" TL00V4"/>
        <UsageCount Value="7"/>
      </Unit70>
      <Unit71>
        <Filename Value="D:\1.2.0\components\synunihighlighter\synuni.pas"/>
        <UnitName Value="SynUni"/>
        <CursorPos X="36" Y="10"/>
        <UsageCount Value="6"/>
      </Unit71>
      <Unit72>
        <Filename Value="D:\1.2.0\components\synunihighlighter\synunihighlighter.pas"/>
        <UnitName Value="SynUniHighlighter"/>
        <FoldState Value=" T3iuB4L013K"/>
        <UsageCount Value="8"/>
      </Unit72>
      <Unit73>
        <Filename Value="D:\1.2.0\components\synedit\syneditstrconst.pp"/>
        <UnitName Value="SynEditStrConst"/>
        <TopLine Value="201"/>
        <CursorPos X="3" Y="220"/>
        <FoldState Value=" TL00Y\"/>
        <UsageCount Value="10"/>
      </Unit73>
      <Unit74>
        <Filename Value="D:\1.2.0\lcl\include\wincontrol.inc"/>
        <TopLine Value="7932"/>
        <CursorPos Y="7960"/>
        <UsageCount Value="6"/>
      </Unit74>
      <Unit75>
        <Filename Value="D:\1.2.0\lcl\include\customform.inc"/>
        <TopLine Value="3039"/>
        <CursorPos Y="3058"/>
        <UsageCount Value="6"/>
      </Unit75>
      <Unit76>
        <Filename Value="..\SyneditHighlighters\SynHighlighter8051.pas"/>
        <CursorPos X="14" Y="62"/>
        <FoldState Value=" TL00W_"/>
        <UsageCount Value="10"/>
      </Unit76>
      <Unit77>
        <Filename Value="..\SyneditHighlighters\SynHighlighterLua.pas"/>
        <TopLine Value="51"/>
        <CursorPos X="13" Y="78"/>
        <FoldState Value=" TL00W_"/>
        <UsageCount Value="10"/>
      </Unit77>
      <Unit78>
        <Filename Value="..\SyneditHighlighters\SynHighlighterProlog.pas"/>
        <TopLine Value="2189"/>
        <CursorPos Y="2195"/>
        <FoldState Value=" TL00W_"/>
        <UsageCount Value="12"/>
      </Unit78>
      <Unit79>
        <Filename Value="D:\1.2.0\components\synedit\synhighlightercss.pas"/>
        <UnitName Value="SynHighlighterCss"/>
        <TopLine Value="1680"/>
        <CursorPos X="49" Y="1699"/>
        <UsageCount Value="9"/>
      </Unit79>
      <Unit80>
        <Filename Value="D:\1.2.0\lcl\controls.pp"/>
        <UnitName Value="Controls"/>
        <TopLine Value="2002"/>
        <CursorPos X="15" Y="2038"/>
        <UsageCount Value="9"/>
      </Unit80>
      <Unit81>
        <Filename Value="..\SyneditHighlighters\synhighlightercac.pas"/>
        <UnitName Value="SynHighlighterCAC"/>
        <CursorPos X="13" Y="71"/>
        <UsageCount Value="8"/>
      </Unit81>
      <Unit82>
        <Filename Value="..\..\..\..\1.2.0\components\synedit\syneditstrconst.pp"/>
        <UnitName Value="SynEditStrConst"/>
        <TopLine Value="278"/>
        <CursorPos X="3" Y="297"/>
        <UsageCount Value="8"/>
      </Unit82>
      <Unit83>
        <Filename Value="..\..\..\..\1.2.0\components\synedit\synedithighlighter.pp"/>
        <UnitName Value="SynEditHighlighter"/>
        <TopLine Value="1496"/>
        <CursorPos X="3" Y="1499"/>
        <UsageCount Value="8"/>
      </Unit83>
      <Unit84>
        <Filename Value="..\..\..\..\1.2.0\fpc\2.6.2\source\rtl\inc\objpash.inc"/>
        <TopLine Value="190"/>
        <CursorPos X="26" Y="206"/>
        <UsageCount Value="7"/>
      </Unit84>
      <Unit85>
        <Filename Value="..\..\..\..\1.2.0\fpc\2.6.2\source\rtl\inc\objpas.inc"/>
        <TopLine Value="497"/>
        <CursorPos X="21" Y="511"/>
        <UsageCount Value="7"/>
      </Unit85>
      <Unit86>
        <Filename Value="..\..\..\..\1.2.0\lcl\menus.pp"/>
        <UnitName Value="Menus"/>
        <TopLine Value="208"/>
        <CursorPos X="15" Y="224"/>
        <UsageCount Value="7"/>
      </Unit86>
      <Unit87>
        <Filename Value="..\..\..\..\1.2.0\lcl\include\menuitem.inc"/>
        <TopLine Value="6"/>
        <CursorPos Y="25"/>
        <UsageCount Value="7"/>
      </Unit87>
      <Unit88>
        <Filename Value="..\..\..\..\1.2.0\fpc\2.6.2\source\rtl\objpas\classes\classesh.inc"/>
        <TopLine Value="313"/>
        <CursorPos X="15" Y="333"/>
        <UsageCount Value="7"/>
      </Unit88>
      <Unit89>
        <Filename Value="..\..\..\..\1.2.0\fpc\2.6.2\source\rtl\objpas\classes\lists.inc"/>
        <TopLine Value="760"/>
        <CursorPos X="27" Y="778"/>
        <UsageCount Value="7"/>
      </Unit89>
      <Unit90>
        <Filename Value="..\uhighlighterreg.pas"/>
        <UnitName Value="uHighlighterReg"/>
        <EditorIndex Value="1"/>
        <TopLine Value="72"/>
        <CursorPos X="21" Y="31"/>
        <UsageCount Value="25"/>
        <Loaded Value="True"/>
      </Unit90>
      <Unit91>
        <Filename Value="..\..\..\..\1.2.4\components\synedit\syneditstrconst.pp"/>
        <UnitName Value="SynEditStrConst"/>
        <TopLine Value="336"/>
        <CursorPos X="3" Y="355"/>
        <UsageCount Value="9"/>
      </Unit91>
      <Unit92>
        <Filename Value="..\..\..\..\1.2.4\components\synedit\synedithighlighter.pp"/>
        <UnitName Value="SynEditHighlighter"/>
        <TopLine Value="280"/>
        <CursorPos X="3" Y="300"/>
        <UsageCount Value="7"/>
      </Unit92>
      <Unit93>
        <Filename Value="..\uHighlighterReg.rc"/>
        <CursorPos X="37" Y="10"/>
        <UsageCount Value="9"/>
        <DefaultSyntaxHighlighter Value="None"/>
      </Unit93>
      <Unit94>
        <Filename Value="..\SyneditHighlighters\synhighlighterawk.pas"/>
        <UnitName Value="SynHighlighterAWK"/>
        <EditorIndex Value="12"/>
        <TopLine Value="587"/>
        <CursorPos Y="602"/>
        <UsageCount Value="23"/>
        <Loaded Value="True"/>
      </Unit94>
      <Unit95>
        <Filename Value="..\..\..\..\Components\Evosi\ColorLib\uEvsColorLibReg.pas"/>
        <UsageCount Value="7"/>
      </Unit95>
      <Unit96>
        <Filename Value="..\..\..\..\Components\Evosi\SimpleGraph\evssimplegraph.pas"/>
        <UnitName Value="EvsSimpleGraph"/>
        <UsageCount Value="7"/>
      </Unit96>
      <Unit97>
        <Filename Value="..\..\..\..\Components\Evosi\SimpleGraph\Src\uevssimplegraph.pas"/>
        <UnitName Value="uEvsSimpleGraph"/>
        <TopLine Value="1664"/>
        <CursorPos Y="1683"/>
        <UsageCount Value="7"/>
      </Unit97>
      <Unit98>
        <Filename Value="..\extrahighlighters_dt.pas"/>
        <UnitName Value="extrahighlighters_DT"/>
        <EditorIndex Value="-1"/>
        <CursorPos X="38" Y="10"/>
        <UsageCount Value="7"/>
      </Unit98>
      <Unit99>
        <Filename Value="D:\Programing\Lazarus\Components\Evosi\Controls\EvsControlsDsn.pas"/>
        <CursorPos X="19" Y="10"/>
        <UsageCount Value="7"/>
      </Unit99>
      <Unit100>
        <Filename Value="D:\Programing\Lazarus\Components\Evosi\Controls\uevscolorlibreg.pas"/>
        <UnitName Value="uEvsColorLibReg"/>
        <CursorPos X="34" Y="37"/>
        <UsageCount Value="7"/>
      </Unit100>
      <Unit101>
        <Filename Value="C:\lazarus-trunk_fpc304\components\synedit\synedithighlighter.pp"/>
        <UnitName Value="SynEditHighlighter"/>
        <EditorIndex Value="-1"/>
        <TopLine Value="18"/>
        <CursorPos Y="20"/>
        <UsageCount Value="9"/>
      </Unit101>
      <Unit102>
        <Filename Value="unit1.lfm"/>
        <EditorIndex Value="-1"/>
        <TopLine Value="528"/>
        <UsageCount Value="9"/>
        <DefaultSyntaxHighlighter Value="LFM"/>
      </Unit102>
      <Unit103>
        <Filename Value="C:\lazarus-trunk_fpc304\components\synedit\synedit.pp"/>
        <UnitName Value="SynEdit"/>
        <EditorIndex Value="-1"/>
        <TopLine Value="4575"/>
        <CursorPos Y="4592"/>
        <UsageCount Value="9"/>
      </Unit103>
      <Unit104>
        <Filename Value="C:\lazarus-trunk_fpc304\lcl\menus.pp"/>
        <UnitName Value="Menus"/>
        <EditorIndex Value="-1"/>
        <TopLine Value="255"/>
        <CursorPos X="3" Y="116"/>
        <UsageCount Value="8"/>
      </Unit104>
      <Unit105>
        <Filename Value="C:\lazarus-trunk_fpc304\components\synedit\synhighlighterpas.pp"/>
        <UnitName Value="SynHighlighterPas"/>
        <EditorIndex Value="-1"/>
        <TopLine Value="493"/>
        <CursorPos X="3" Y="508"/>
        <UsageCount Value="8"/>
      </Unit105>
      <Unit106>
        <Filename Value="C:\lazarus-trunk_fpc304\lcl\graphics.pp"/>
        <UnitName Value="Graphics"/>
        <EditorIndex Value="-1"/>
        <TopLine Value="18"/>
        <CursorPos Y="18"/>
        <UsageCount Value="10"/>
      </Unit106>
      <Unit107>
        <Filename Value="..\SyneditHighlighters\synedit.inc"/>
        <EditorIndex Value="-1"/>
        <TopLine Value="2"/>
        <CursorPos X="4" Y="19"/>
        <UsageCount Value="8"/>
      </Unit107>
      <Unit108>
        <Filename Value="C:\lazarus-trunk_fpc304\components\synedit\synedittextbuffer.pp"/>
        <UnitName Value="SynEditTextBuffer"/>
        <EditorIndex Value="-1"/>
        <TopLine Value="363"/>
        <CursorPos X="48" Y="388"/>
        <UsageCount Value="8"/>
      </Unit108>
      <Unit109>
        <Filename Value="..\SyneditHighlighters\synhighlightergnuplot.pas"/>
        <EditorIndex Value="10"/>
        <TopLine Value="823"/>
        <CursorPos Y="856"/>
        <UsageCount Value="20"/>
        <Loaded Value="True"/>
      </Unit109>
      <Unit110>
        <Filename Value="D:\fpcup\lazarus\components\synunihighlighter\synunihighlighter.pas"/>
        <UnitName Value="SynUniHighlighter"/>
        <EditorIndex Value="9"/>
        <TopLine Value="2718"/>
        <UsageCount Value="20"/>
        <Loaded Value="True"/>
      </Unit110>
      <Unit111>
        <Filename Value="..\SyneditHighlighters\synhighlightervhdl.pas"/>
        <UnitName Value="SynHighlighterVHDL"/>
        <EditorIndex Value="4"/>
        <TopLine Value="639"/>
        <CursorPos Y="657"/>
        <UsageCount Value="19"/>
        <Loaded Value="True"/>
      </Unit111>
      <Unit112>
        <Filename Value="D:\fpcup\lazarus\components\synedit\syneditstrconst.pp"/>
        <UnitName Value="SynEditStrConst"/>
        <EditorIndex Value="-1"/>
        <TopLine Value="414"/>
        <CursorPos X="3" Y="370"/>
        <UsageCount Value="8"/>
      </Unit112>
      <Unit113>
        <Filename Value="D:\fpcup\lazarus\components\synedit\synedithighlighter.pp"/>
        <UnitName Value="SynEditHighlighter"/>
        <EditorIndex Value="8"/>
        <TopLine Value="318"/>
        <CursorPos X="19" Y="335"/>
        <UsageCount Value="10"/>
        <Loaded Value="True"/>
      </Unit113>
      <Unit114>
        <Filename Value="..\SyneditHighlighters\synhighlighterverilog.pas"/>
        <EditorIndex Value="5"/>
        <TopLine Value="516"/>
        <CursorPos X="39" Y="539"/>
        <UsageCount Value="10"/>
        <Loaded Value="True"/>
      </Unit114>
      <Unit115>
        <Filename Value="..\SyneditHighlighters\synhighlighterjson.pas"/>
        <UnitName Value="SynHighlighterJSON"/>
        <IsVisibleTab Value="True"/>
        <EditorIndex Value="6"/>
        <TopLine Value="331"/>
        <CursorPos X="36" Y="341"/>
        <UsageCount Value="10"/>
        <Loaded Value="True"/>
      </Unit115>
    </Units>
    <JumpHistory Count="30" HistoryIndex="29">
      <Position1>
        <Filename Value="..\SyneditHighlighters\synhighlightercs.pas"/>
        <Caret Line="295" Column="14" TopLine="271"/>
      </Position1>
      <Position2>
        <Filename Value="..\SyneditHighlighters\synhighlightercs.pas"/>
        <Caret Line="296" Column="14" TopLine="271"/>
      </Position2>
      <Position3>
        <Filename Value="..\SyneditHighlighters\synhighlightercs.pas"/>
        <Caret Line="347" Column="14" TopLine="336"/>
      </Position3>
      <Position4>
        <Filename Value="..\SyneditHighlighters\synhighlightercs.pas"/>
        <Caret Line="685" Column="46" TopLine="657"/>
      </Position4>
      <Position5>
        <Filename Value="unit1.pas"/>
        <Caret Line="156" Column="57" TopLine="156"/>
      </Position5>
      <Position6>
        <Filename Value="unit1.pas"/>
        <Caret Line="132" TopLine="104"/>
      </Position6>
      <Position7>
        <Filename Value="unit1.pas"/>
        <Caret Line="133" Column="50" TopLine="111"/>
      </Position7>
      <Position8>
        <Filename Value="..\SyneditHighlighters\synhighlightergnuplot.pas"/>
        <Caret Line="83" Column="3" TopLine="76"/>
      </Position8>
      <Position9>
        <Filename Value="unit1.pas"/>
        <Caret Line="46" Column="12" TopLine="23"/>
      </Position9>
      <Position10>
        <Filename Value="..\SyneditHighlighters\synhighlightervhdl.pas"/>
        <Caret Line="1087" TopLine="1079"/>
      </Position10>
      <Position11>
        <Filename Value="..\SyneditHighlighters\syneditstrconstextra.pas"/>
        <Caret Line="2" Column="10"/>
      </Position11>
      <Position12>
        <Filename Value="..\SyneditHighlighters\syneditstrconstextra.pas"/>
        <Caret Line="217" Column="51" TopLine="189"/>
      </Position12>
      <Position13>
        <Filename Value="..\SyneditHighlighters\syneditstrconstextra.pas"/>
        <Caret Line="286" Column="26" TopLine="258"/>
      </Position13>
      <Position14>
        <Filename Value="..\SyneditHighlighters\syneditstrconstextra.pas"/>
        <Caret Line="217" Column="49" TopLine="200"/>
      </Position14>
      <Position15>
        <Filename Value="..\SyneditHighlighters\synhighlightervhdl.pas"/>
        <Caret Line="1085" Column="33" TopLine="1062"/>
      </Position15>
      <Position16>
        <Filename Value="..\SyneditHighlighters\synhighlightervhdl.pas"/>
        <Caret Line="156" Column="21" TopLine="143"/>
      </Position16>
      <Position17>
        <Filename Value="..\SyneditHighlighters\syneditstrconstextra.pas"/>
        <Caret Line="201" Column="68" TopLine="184"/>
      </Position17>
      <Position18>
        <Filename Value="..\SyneditHighlighters\synhighlightervhdl.pas"/>
        <Caret Line="34" Column="32" TopLine="140"/>
      </Position18>
      <Position19>
        <Filename Value="..\SyneditHighlighters\synhighlightervhdl.pas"/>
        <Caret Line="43" Column="52" TopLine="1073"/>
      </Position19>
      <Position20>
        <Filename Value="..\SyneditHighlighters\synhighlighterverilog.pas"/>
        <Caret Line="957" Column="35" TopLine="950"/>
      </Position20>
      <Position21>
        <Filename Value="..\SyneditHighlighters\synhighlightervhdl.pas"/>
        <Caret Line="43" Column="52" TopLine="1073"/>
      </Position21>
      <Position22>
        <Filename Value="..\SyneditHighlighters\synhighlighterjson.pas"/>
        <Caret Line="672" Column="34" TopLine="641"/>
      </Position22>
      <Position23>
        <Filename Value="..\SyneditHighlighters\synhighlighterverilog.pas"/>
        <Caret Line="971" Column="37" TopLine="950"/>
      </Position23>
      <Position24>
        <Filename Value="..\SyneditHighlighters\synhighlightervrml97.pas"/>
        <Caret Line="2" Column="47"/>
      </Position24>
      <Position25>
        <Filename Value="..\SyneditHighlighters\synhighlightervrml97.pas"/>
        <Caret Line="4472" Column="25" TopLine="4452"/>
      </Position25>
      <Position26>
        <Filename Value="..\SyneditHighlighters\synhighlightervhdl.pas"/>
        <Caret Line="138" Column="21" TopLine="119"/>
      </Position26>
      <Position27>
        <Filename Value="..\SyneditHighlighters\synhighlightervhdl.pas"/>
        <Caret Line="656" Column="7" TopLine="633"/>
      </Position27>
      <Position28>
        <Filename Value="..\SyneditHighlighters\synhighlightervhdl.pas"/>
        <Caret Line="668" Column="23" TopLine="638"/>
      </Position28>
      <Position29>
        <Filename Value="..\SyneditHighlighters\synhighlighterverilog.pas"/>
        <Caret Line="117" Column="20" TopLine="94"/>
      </Position29>
      <Position30>
        <Filename Value="..\SyneditHighlighters\synhighlighterjson.pas"/>
        <Caret Line="116" Column="20" TopLine="97"/>
      </Position30>
    </JumpHistory>
  </ProjectOptions>
  <CompilerOptions>
    <Version Value="11"/>
    <PathDelim Value="\"/>
    <Target>
      <Filename Value="TestSynHighlighter"/>
    </Target>
    <SearchPaths>
      <IncludeFiles Value="$(ProjOutDir)"/>
      <UnitOutputDirectory Value="lib\$(TargetCPU)-$(TargetOS)"/>
      <SrcPath Value="$(LazarusDir)\components\synedit"/>
    </SearchPaths>
    <Parsing>
      <SyntaxOptions>
        <UseAnsiStrings Value="False"/>
      </SyntaxOptions>
    </Parsing>
  </CompilerOptions>
  <Debugging>
    <Watches Count="1">
      <Item1>
        <Expression Value="GetTokenEx"/>
      </Item1>
    </Watches>
    <Exceptions Count="3">
      <Item1>
        <Name Value="EAbort"/>
      </Item1>
      <Item2>
        <Name Value="ECodetoolError"/>
      </Item2>
      <Item3>
        <Name Value="EFOpenError"/>
      </Item3>
    </Exceptions>
  </Debugging>
</CONFIG>
